// !$*UTF8*$!
{
	archiveVersion = 1;
	classes = {
	};
	objectVersion = 50;
	objects = {

/* Begin PBXBuildFile section */
		8F3DA95F20D10FF200A7FB40 /* AppDelegate.swift in Sources */ = {isa = PBXBuildFile; fileRef = 8F3DA95E20D10FF200A7FB40 /* AppDelegate.swift */; };
		8F3DA96120D10FF200A7FB40 /* Document.swift in Sources */ = {isa = PBXBuildFile; fileRef = 8F3DA96020D10FF200A7FB40 /* Document.swift */; };
		8F3DA96420D10FF200A7FB40 /* Document.xib in Resources */ = {isa = PBXBuildFile; fileRef = 8F3DA96220D10FF200A7FB40 /* Document.xib */; };
		8F3DA96720D10FF200A7FB40 /* Document.xcdatamodeld in Sources */ = {isa = PBXBuildFile; fileRef = 8F3DA96520D10FF200A7FB40 /* Document.xcdatamodeld */; };
		8F3DA96920D10FF200A7FB40 /* Assets.xcassets in Resources */ = {isa = PBXBuildFile; fileRef = 8F3DA96820D10FF200A7FB40 /* Assets.xcassets */; };
		8F3DA96C20D10FF200A7FB40 /* MainMenu.xib in Resources */ = {isa = PBXBuildFile; fileRef = 8F3DA96A20D10FF200A7FB40 /* MainMenu.xib */; };
/* End PBXBuildFile section */

/* Begin PBXFileReference section */
		8F3DA95B20D10FF200A7FB40 /* TestingEntity.app */ = {isa = PBXFileReference; explicitFileType = wrapper.application; includeInIndex = 0; path = TestingEntity.app; sourceTree = BUILT_PRODUCTS_DIR; };
		8F3DA95E20D10FF200A7FB40 /* AppDelegate.swift */ = {isa = PBXFileReference; lastKnownFileType = sourcecode.swift; path = AppDelegate.swift; sourceTree = "<group>"; };
		8F3DA96020D10FF200A7FB40 /* Document.swift */ = {isa = PBXFileReference; lastKnownFileType = sourcecode.swift; path = Document.swift; sourceTree = "<group>"; };
		8F3DA96320D10FF200A7FB40 /* Base */ = {isa = PBXFileReference; lastKnownFileType = file.xib; name = Base; path = Base.lproj/Document.xib; sourceTree = "<group>"; };
		8F3DA96620D10FF200A7FB40 /* Document.xcdatamodel */ = {isa = PBXFileReference; lastKnownFileType = wrapper.xcdatamodel; path = Document.xcdatamodel; sourceTree = "<group>"; };
		8F3DA96820D10FF200A7FB40 /* Assets.xcassets */ = {isa = PBXFileReference; lastKnownFileType = folder.assetcatalog; path = Assets.xcassets; sourceTree = "<group>"; };
		8F3DA96B20D10FF200A7FB40 /* Base */ = {isa = PBXFileReference; lastKnownFileType = file.xib; name = Base; path = Base.lproj/MainMenu.xib; sourceTree = "<group>"; };
		8F3DA96D20D10FF200A7FB40 /* Info.plist */ = {isa = PBXFileReference; lastKnownFileType = text.plist.xml; path = Info.plist; sourceTree = "<group>"; };
		8F3DA96E20D10FF200A7FB40 /* TestingEntity.entitlements */ = {isa = PBXFileReference; lastKnownFileType = text.plist.entitlements; path = TestingEntity.entitlements; sourceTree = "<group>"; };
/* End PBXFileReference section */

/* Begin PBXFrameworksBuildPhase section */
		8F3DA95820D10FF200A7FB40 /* Frameworks */ = {
			isa = PBXFrameworksBuildPhase;
			buildActionMask = 2147483647;
			files = (
			);
			runOnlyForDeploymentPostprocessing = 0;
		};
/* End PBXFrameworksBuildPhase section */

/* Begin PBXGroup section */
		8F3DA95220D10FF200A7FB40 = {
			isa = PBXGroup;
			children = (
				8F3DA95D20D10FF200A7FB40 /* TestingEntity */,
				8F3DA95C20D10FF200A7FB40 /* Products */,
			);
			sourceTree = "<group>";
		};
		8F3DA95C20D10FF200A7FB40 /* Products */ = {
			isa = PBXGroup;
			children = (
				8F3DA95B20D10FF200A7FB40 /* TestingEntity.app */,
			);
			name = Products;
			sourceTree = "<group>";
		};
		8F3DA95D20D10FF200A7FB40 /* TestingEntity */ = {
			isa = PBXGroup;
			children = (
				8F3DA95E20D10FF200A7FB40 /* AppDelegate.swift */,
				8F3DA96020D10FF200A7FB40 /* Document.swift */,
				8F3DA96220D10FF200A7FB40 /* Document.xib */,
				8F3DA96820D10FF200A7FB40 /* Assets.xcassets */,
				8F3DA96A20D10FF200A7FB40 /* MainMenu.xib */,
				8F3DA96D20D10FF200A7FB40 /* Info.plist */,
				8F3DA96E20D10FF200A7FB40 /* TestingEntity.entitlements */,
				8F3DA96520D10FF200A7FB40 /* Document.xcdatamodeld */,
			);
			path = TestingEntity;
			sourceTree = "<group>";
		};
/* End PBXGroup section */

/* Begin PBXNativeTarget section */
		8F3DA95A20D10FF200A7FB40 /* TestingEntity */ = {
			isa = PBXNativeTarget;
			buildConfigurationList = 8F3DA97120D10FF200A7FB40 /* Build configuration list for PBXNativeTarget "TestingEntity" */;
			buildPhases = (
				8F3DA95720D10FF200A7FB40 /* Sources */,
				8F3DA95820D10FF200A7FB40 /* Frameworks */,
				8F3DA95920D10FF200A7FB40 /* Resources */,
			);
			buildRules = (
			);
			dependencies = (
			);
			name = TestingEntity;
			productName = TestingEntity;
			productReference = 8F3DA95B20D10FF200A7FB40 /* TestingEntity.app */;
			productType = "com.apple.product-type.application";
		};
/* End PBXNativeTarget section */

/* Begin PBXProject section */
		8F3DA95320D10FF200A7FB40 /* Project object */ = {
			isa = PBXProject;
			attributes = {
				LastSwiftUpdateCheck = 0940;
				LastUpgradeCheck = 0940;
				ORGANIZATIONNAME = "Edward Anthony";
				TargetAttributes = {
					8F3DA95A20D10FF200A7FB40 = {
						CreatedOnToolsVersion = 9.4;
					};
				};
			};
			buildConfigurationList = 8F3DA95620D10FF200A7FB40 /* Build configuration list for PBXProject "TestingEntity" */;
			compatibilityVersion = "Xcode 9.3";
			developmentRegion = en;
			hasScannedForEncodings = 0;
			knownRegions = (
				en,
				Base,
			);
			mainGroup = 8F3DA95220D10FF200A7FB40;
			productRefGroup = 8F3DA95C20D10FF200A7FB40 /* Products */;
			projectDirPath = "";
			projectRoot = "";
			targets = (
				8F3DA95A20D10FF200A7FB40 /* TestingEntity */,
			);
		};
/* End PBXProject section */

/* Begin PBXResourcesBuildPhase section */
		8F3DA95920D10FF200A7FB40 /* Resources */ = {
			isa = PBXResourcesBuildPhase;
			buildActionMask = 2147483647;
			files = (
				8F3DA96920D10FF200A7FB40 /* Assets.xcassets in Resources */,
				8F3DA96420D10FF200A7FB40 /* Document.xib in Resources */,
				8F3DA96C20D10FF200A7FB40 /* MainMenu.xib in Resources */,
			);
			runOnlyForDeploymentPostprocessing = 0;
		};
/* End PBXResourcesBuildPhase section */

/* Begin PBXSourcesBuildPhase section */
		8F3DA95720D10FF200A7FB40 /* Sources */ = {
			isa = PBXSourcesBuildPhase;
			buildActionMask = 2147483647;
			files = (
				8F3DA96720D10FF200A7FB40 /* Document.xcdatamodeld in Sources */,
				8F3DA96120D10FF200A7FB40 /* Document.swift in Sources */,
				8F3DA95F20D10FF200A7FB40 /* AppDelegate.swift in Sources */,
			);
			runOnlyForDeploymentPostprocessing = 0;
		};
/* End PBXSourcesBuildPhase section */

/* Begin PBXVariantGroup section */
		8F3DA96220D10FF200A7FB40 /* Document.xib */ = {
			isa = PBXVariantGroup;
			children = (
				8F3DA96320D10FF200A7FB40 /* Base */,
			);
			name = Document.xib;
			sourceTree = "<group>";
		};
		8F3DA96A20D10FF200A7FB40 /* MainMenu.xib */ = {
			isa = PBXVariantGroup;
			children = (
				8F3DA96B20D10FF200A7FB40 /* Base */,
			);
			name = MainMenu.xib;
			sourceTree = "<group>";
		};
/* End PBXVariantGroup section */

/* Begin XCBuildConfiguration section */
		8F3DA96F20D10FF200A7FB40 /* Debug */ = {
			isa = XCBuildConfiguration;
			buildSettings = {
				ALWAYS_SEARCH_USER_PATHS = NO;
				CLANG_ANALYZER_NONNULL = YES;
				CLANG_ANALYZER_NUMBER_OBJECT_CONVERSION = YES_AGGRESSIVE;
				CLANG_CXX_LANGUAGE_STANDARD = "gnu++14";
				CLANG_CXX_LIBRARY = "libc++";
				CLANG_ENABLE_MODULES = YES;
				CLANG_ENABLE_OBJC_ARC = YES;
				CLANG_ENABLE_OBJC_WEAK = YES;
				CLANG_WARN_BLOCK_CAPTURE_AUTORELEASING = YES;
				CLANG_WARN_BOOL_CONVERSION = YES;
				CLANG_WARN_COMMA = YES;
				CLANG_WARN_CONSTANT_CONVERSION = YES;
				CLANG_WARN_DEPRECATED_OBJC_IMPLEMENTATIONS = YES;
				CLANG_WARN_DIRECT_OBJC_ISA_USAGE = YES_ERROR;
				CLANG_WARN_DOCUMENTATION_COMMENTS = YES;
				CLANG_WARN_EMPTY_BODY = YES;
				CLANG_WARN_ENUM_CONVERSION = YES;
				CLANG_WARN_INFINITE_RECURSION = YES;
				CLANG_WARN_INT_CONVERSION = YES;
				CLANG_WARN_NON_LITERAL_NULL_CONVERSION = YES;
				CLANG_WARN_OBJC_IMPLICIT_RETAIN_SELF = YES;
				CLANG_WARN_OBJC_LITERAL_CONVERSION = YES;
				CLANG_WARN_OBJC_ROOT_CLASS = YES_ERROR;
				CLANG_WARN_RANGE_LOOP_ANALYSIS = YES;
				CLANG_WARN_STRICT_PROTOTYPES = YES;
				CLANG_WARN_SUSPICIOUS_MOVE = YES;
				CLANG_WARN_UNGUARDED_AVAILABILITY = YES_AGGRESSIVE;
				CLANG_WARN_UNREACHABLE_CODE = YES;
				CLANG_WARN__DUPLICATE_METHOD_MATCH = YES;
				CODE_SIGN_IDENTITY = "-";
				COPY_PHASE_STRIP = NO;
				DEBUG_INFORMATION_FORMAT = dwarf;
				ENABLE_STRICT_OBJC_MSGSEND = YES;
				ENABLE_TESTABILITY = YES;
				GCC_C_LANGUAGE_STANDARD = gnu11;
				GCC_DYNAMIC_NO_PIC = NO;
				GCC_NO_COMMON_BLOCKS = YES;
				GCC_OPTIMIZATION_LEVEL = 0;
				GCC_PREPROCESSOR_DEFINITIONS = (
					"DEBUG=1",
					"$(inherited)",
				);
				GCC_WARN_64_TO_32_BIT_CONVERSION = YES;
				GCC_WARN_ABOUT_RETURN_TYPE = YES_ERROR;
				GCC_WARN_UNDECLARED_SELECTOR = YES;
				GCC_WARN_UNINITIALIZED_AUTOS = YES_AGGRESSIVE;
				GCC_WARN_UNUSED_FUNCTION = YES;
				GCC_WARN_UNUSED_VARIABLE = YES;
				MACOSX_DEPLOYMENT_TARGET = 10.13;
				MTL_ENABLE_DEBUG_INFO = YES;
				ONLY_ACTIVE_ARCH = YES;
				SDKROOT = macosx;
				SWIFT_ACTIVE_COMPILATION_CONDITIONS = DEBUG;
				SWIFT_OPTIMIZATION_LEVEL = "-Onone";
			};
			name = Debug;
		};
		8F3DA97020D10FF200A7FB40 /* Release */ = {
			isa = XCBuildConfiguration;
			buildSettings = {
				ALWAYS_SEARCH_USER_PATHS = NO;
				CLANG_ANALYZER_NONNULL = YES;
				CLANG_ANALYZER_NUMBER_OBJECT_CONVERSION = YES_AGGRESSIVE;
				CLANG_CXX_LANGUAGE_STANDARD = "gnu++14";
				CLANG_CXX_LIBRARY = "libc++";
				CLANG_ENABLE_MODULES = YES;
				CLANG_ENABLE_OBJC_ARC = YES;
				CLANG_ENABLE_OBJC_WEAK = YES;
				CLANG_WARN_BLOCK_CAPTURE_AUTORELEASING = YES;
				CLANG_WARN_BOOL_CONVERSION = YES;
				CLANG_WARN_COMMA = YES;
				CLANG_WARN_CONSTANT_CONVERSION = YES;
				CLANG_WARN_DEPRECATED_OBJC_IMPLEMENTATIONS = YES;
				CLANG_WARN_DIRECT_OBJC_ISA_USAGE = YES_ERROR;
				CLANG_WARN_DOCUMENTATION_COMMENTS = YES;
				CLANG_WARN_EMPTY_BODY = YES;
				CLANG_WARN_ENUM_CONVERSION = YES;
				CLANG_WARN_INFINITE_RECURSION = YES;
				CLANG_WARN_INT_CONVERSION = YES;
				CLANG_WARN_NON_LITERAL_NULL_CONVERSION = YES;
				CLANG_WARN_OBJC_IMPLICIT_RETAIN_SELF = YES;
				CLANG_WARN_OBJC_LITERAL_CONVERSION = YES;
				CLANG_WARN_OBJC_ROOT_CLASS = YES_ERROR;
				CLANG_WARN_RANGE_LOOP_ANALYSIS = YES;
				CLANG_WARN_STRICT_PROTOTYPES = YES;
				CLANG_WARN_SUSPICIOUS_MOVE = YES;
				CLANG_WARN_UNGUARDED_AVAILABILITY = YES_AGGRESSIVE;
				CLANG_WARN_UNREACHABLE_CODE = YES;
				CLANG_WARN__DUPLICATE_METHOD_MATCH = YES;
				CODE_SIGN_IDENTITY = "-";
				COPY_PHASE_STRIP = NO;
				DEBUG_INFORMATION_FORMAT = "dwarf-with-dsym";
				ENABLE_NS_ASSERTIONS = NO;
				ENABLE_STRICT_OBJC_MSGSEND = YES;
				GCC_C_LANGUAGE_STANDARD = gnu11;
				GCC_NO_COMMON_BLOCKS = YES;
				GCC_WARN_64_TO_32_BIT_CONVERSION = YES;
				GCC_WARN_ABOUT_RETURN_TYPE = YES_ERROR;
				GCC_WARN_UNDECLARED_SELECTOR = YES;
				GCC_WARN_UNINITIALIZED_AUTOS = YES_AGGRESSIVE;
				GCC_WARN_UNUSED_FUNCTION = YES;
				GCC_WARN_UNUSED_VARIABLE = YES;
				MACOSX_DEPLOYMENT_TARGET = 10.13;
				MTL_ENABLE_DEBUG_INFO = NO;
				SDKROOT = macosx;
				SWIFT_COMPILATION_MODE = wholemodule;
				SWIFT_OPTIMIZATION_LEVEL = "-O";
			};
			name = Release;
		};
		8F3DA97220D10FF200A7FB40 /* Debug */ = {
			isa = XCBuildConfiguration;
			buildSettings = {
				ASSETCATALOG_COMPILER_APPICON_NAME = AppIcon;
				CODE_SIGN_ENTITLEMENTS = TestingEntity/TestingEntity.entitlements;
				CODE_SIGN_STYLE = Automatic;
				COMBINE_HIDPI_IMAGES = YES;
				INFOPLIST_FILE = TestingEntity/Info.plist;
				LD_RUNPATH_SEARCH_PATHS = (
					"$(inherited)",
					"@executable_path/../Frameworks",
				);
				PRODUCT_BUNDLE_IDENTIFIER = self.edu.TestingEntity;
				PRODUCT_NAME = "$(TARGET_NAME)";
				SWIFT_VERSION = 4.0;
			};
			name = Debug;
		};
		8F3DA97320D10FF200A7FB40 /* Release */ = {
			isa = XCBuildConfiguration;
			buildSettings = {
				ASSETCATALOG_COMPILER_APPICON_NAME = AppIcon;
				CODE_SIGN_ENTITLEMENTS = TestingEntity/TestingEntity.entitlements;
				CODE_SIGN_STYLE = Automatic;
				COMBINE_HIDPI_IMAGES = YES;
				INFOPLIST_FILE = TestingEntity/Info.plist;
				LD_RUNPATH_SEARCH_PATHS = (
					"$(inherited)",
					"@executable_path/../Frameworks",
				);
				PRODUCT_BUNDLE_IDENTIFIER = self.edu.TestingEntity;
				PRODUCT_NAME = "$(TARGET_NAME)";
				SWIFT_VERSION = 4.0;
			};
			name = Release;
		};
/* End XCBuildConfiguration section */

/* Begin XCConfigurationList section */
		8F3DA95620D10FF200A7FB40 /* Build configuration list for PBXProject "TestingEntity" */ = {
			isa = XCConfigurationList;
			buildConfigurations = (
				8F3DA96F20D10FF200A7FB40 /* Debug */,
				8F3DA97020D10FF200A7FB40 /* Release */,
			);
			defaultConfigurationIsVisible = 0;
			defaultConfigurationName = Release;
		};
		8F3DA97120D10FF200A7FB40 /* Build configuration list for PBXNativeTarget "TestingEntity" */ = {
			isa = XCConfigurationList;
			buildConfigurations = (
				8F3DA97220D10FF200A7FB40 /* Debug */,
				8F3DA97320D10FF200A7FB40 /* Release */,
			);
			defaultConfigurationIsVisible = 0;
			defaultConfigurationName = Release;
		};
/* End XCConfigurationList section */

/* Begin XCVersionGroup section */
		8F3DA96520D10FF200A7FB40 /* Document.xcdatamodeld */ = {
			isa = XCVersionGroup;
			children = (
				8F3DA96620D10FF200A7FB40 /* Document.xcdatamodel */,
			);
			currentVersion = 8F3DA96620D10FF200A7FB40 /* Document.xcdatamodel */;
			path = Document.xcdatamodeld;
			sourceTree = "<group>";
			versionGroupType = wrapper.xcdatamodel;
		};
/* End XCVersionGroup section */
	};
	rootObject = 8F3DA95320D10FF200A7FB40 /* Project object */;
}
